
Microsoft Visual Studio Solution File, Format Version 12.00
# Visual Studio 2012
Project("{FAE04EC0-301F-11D3-BF4B-00C04F79EFBC}") = "NewsGrabEngine", "NewsGrabEngine\NewsGrabEngine.csproj", "{AD78F399-6FB1-42BA-B895-32FF4578DF6C}"
EndProject
Global
	GlobalSection(SolutionConfigurationPlatforms) = preSolution
		Debug|Any CPU = Debug|Any CPU
		Release|Any CPU = Release|Any CPU
	EndGlobalSection
	GlobalSection(ProjectConfigurationPlatforms) = postSolution
		{AD78F399-6FB1-42BA-B895-32FF4578DF6C}.Debug|Any CPU.ActiveCfg = Debug|Any CPU
		{AD78F399-6FB1-42BA-B895-32FF4578DF6C}.Debug|Any CPU.Build.0 = Debug|Any CPU
		{AD78F399-6FB1-42BA-B895-32FF4578DF6C}.Release|Any CPU.ActiveCfg = Release|Any CPU
		{AD78F399-6FB1-42BA-B895-32FF4578DF6C}.Release|Any CPU.Build.0 = Release|Any CPU
	EndGlobalSection
	GlobalSection(SolutionProperties) = preSolution
		HideSolutionNode = FALSE
	EndGlobalSection
EndGlobal
